// !$*UTF8*$!
{
	archiveVersion = 1;
	classes = {
	};
	objectVersion = 56;
	objects = {

/* Begin PBXBuildFile section */
		B9278A572B680E7A00848F9B /* YLS_iOS.docc in Sources */ = {isa = PBXBuildFile; fileRef = B9278A562B680E7A00848F9B /* YLS_iOS.docc */; };
		B9278A5D2B680E7B00848F9B /* YLS_iOS.framework in Frameworks */ = {isa = PBXBuildFile; fileRef = B9278A522B680E7A00848F9B /* YLS_iOS.framework */; };
		B9278A622B680E7B00848F9B /* YLS_iOSTests.swift in Sources */ = {isa = PBXBuildFile; fileRef = B9278A612B680E7B00848F9B /* YLS_iOSTests.swift */; };
		B9278A632B680E7B00848F9B /* YLS_iOS.h in Headers */ = {isa = PBXBuildFile; fileRef = B9278A552B680E7A00848F9B /* YLS_iOS.h */; settings = {ATTRIBUTES = (Public, ); }; };
		B9278A6D2B68112200848F9B /* YLS.swift in Sources */ = {isa = PBXBuildFile; fileRef = B9278A6C2B68112200848F9B /* YLS.swift */; };
		B9278A702B68113B00848F9B /* YLSEvent.swift in Sources */ = {isa = PBXBuildFile; fileRef = B9278A6F2B68113B00848F9B /* YLSEvent.swift */; };
/* End PBXBuildFile section */

/* Begin PBXContainerItemProxy section */
		B9278A5E2B680E7B00848F9B /* PBXContainerItemProxy */ = {
			isa = PBXContainerItemProxy;
			containerPortal = B9278A492B680E7A00848F9B /* Project object */;
			proxyType = 1;
			remoteGlobalIDString = B9278A512B680E7A00848F9B;
			remoteInfo = "YLS-iOS";
		};
/* End PBXContainerItemProxy section */

/* Begin PBXFileReference section */
		B9278A522B680E7A00848F9B /* YLS_iOS.framework */ = {isa = PBXFileReference; explicitFileType = wrapper.framework; includeInIndex = 0; path = YLS_iOS.framework; sourceTree = BUILT_PRODUCTS_DIR; };
		B9278A552B680E7A00848F9B /* YLS_iOS.h */ = {isa = PBXFileReference; lastKnownFileType = sourcecode.c.h; path = YLS_iOS.h; sourceTree = "<group>"; };
		B9278A562B680E7A00848F9B /* YLS_iOS.docc */ = {isa = PBXFileReference; lastKnownFileType = folder.documentationcatalog; path = YLS_iOS.docc; sourceTree = "<group>"; };
		B9278A5C2B680E7B00848F9B /* YLS-iOSTests.xctest */ = {isa = PBXFileReference; explicitFileType = wrapper.cfbundle; includeInIndex = 0; path = "YLS-iOSTests.xctest"; sourceTree = BUILT_PRODUCTS_DIR; };
		B9278A612B680E7B00848F9B /* YLS_iOSTests.swift */ = {isa = PBXFileReference; lastKnownFileType = sourcecode.swift; path = YLS_iOSTests.swift; sourceTree = "<group>"; };
		B9278A6C2B68112200848F9B /* YLS.swift */ = {isa = PBXFileReference; lastKnownFileType = sourcecode.swift; path = YLS.swift; sourceTree = "<group>"; };
		B9278A6F2B68113B00848F9B /* YLSEvent.swift */ = {isa = PBXFileReference; lastKnownFileType = sourcecode.swift; path = YLSEvent.swift; sourceTree = "<group>"; };
		B9278A722B68121C00848F9B /* YLS-iOS.xcodeproj */ = {isa = PBXFileReference; lastKnownFileType = "wrapper.pb-project"; path = "YLS-iOS.xcodeproj"; sourceTree = "<group>"; };
/* End PBXFileReference section */

/* Begin PBXFrameworksBuildPhase section */
		B9278A4F2B680E7A00848F9B /* Frameworks */ = {
			isa = PBXFrameworksBuildPhase;
			buildActionMask = 2147483647;
			files = (
			);
			runOnlyForDeploymentPostprocessing = 0;
		};
		B9278A592B680E7B00848F9B /* Frameworks */ = {
			isa = PBXFrameworksBuildPhase;
			buildActionMask = 2147483647;
			files = (
				B9278A5D2B680E7B00848F9B /* YLS_iOS.framework in Frameworks */,
			);
			runOnlyForDeploymentPostprocessing = 0;
		};
/* End PBXFrameworksBuildPhase section */

/* Begin PBXGroup section */
		B9278A482B680E7A00848F9B = {
			isa = PBXGroup;
			children = (
				B9278A542B680E7A00848F9B /* YLS-iOS */,
				B9278A602B680E7B00848F9B /* YLS-iOSTests */,
				B9278A532B680E7A00848F9B /* Products */,
				B9278A712B68121C00848F9B /* Frameworks */,
			);
			sourceTree = "<group>";
		};
		B9278A532B680E7A00848F9B /* Products */ = {
			isa = PBXGroup;
			children = (
				B9278A522B680E7A00848F9B /* YLS_iOS.framework */,
				B9278A5C2B680E7B00848F9B /* YLS-iOSTests.xctest */,
			);
			name = Products;
			sourceTree = "<group>";
		};
		B9278A542B680E7A00848F9B /* YLS-iOS */ = {
			isa = PBXGroup;
			children = (
				B9278A552B680E7A00848F9B /* YLS_iOS.h */,
				B9278A562B680E7A00848F9B /* YLS_iOS.docc */,
				B9278A6E2B68112700848F9B /* Models */,
				B9278A6C2B68112200848F9B /* YLS.swift */,
			);
			path = "YLS-iOS";
			sourceTree = "<group>";
		};
		B9278A602B680E7B00848F9B /* YLS-iOSTests */ = {
			isa = PBXGroup;
			children = (
				B9278A612B680E7B00848F9B /* YLS_iOSTests.swift */,
			);
			path = "YLS-iOSTests";
			sourceTree = "<group>";
		};
		B9278A6E2B68112700848F9B /* Models */ = {
			isa = PBXGroup;
			children = (
				B9278A6F2B68113B00848F9B /* YLSEvent.swift */,
			);
			path = Models;
			sourceTree = "<group>";
		};
		B9278A712B68121C00848F9B /* Frameworks */ = {
			isa = PBXGroup;
			children = (
				B9278A722B68121C00848F9B /* YLS-iOS.xcodeproj */,
			);
			name = Frameworks;
			sourceTree = "<group>";
		};
		B9278A732B68121C00848F9B /* Products */ = {
			isa = PBXGroup;
			name = Products;
			sourceTree = "<group>";
		};
/* End PBXGroup section */

/* Begin PBXHeadersBuildPhase section */
		B9278A4D2B680E7A00848F9B /* Headers */ = {
			isa = PBXHeadersBuildPhase;
			buildActionMask = 2147483647;
			files = (
				B9278A632B680E7B00848F9B /* YLS_iOS.h in Headers */,
			);
			runOnlyForDeploymentPostprocessing = 0;
		};
/* End PBXHeadersBuildPhase section */

/* Begin PBXNativeTarget section */
		B9278A512B680E7A00848F9B /* YLS-iOS */ = {
			isa = PBXNativeTarget;
			buildConfigurationList = B9278A662B680E7B00848F9B /* Build configuration list for PBXNativeTarget "YLS-iOS" */;
			buildPhases = (
				B9278A4D2B680E7A00848F9B /* Headers */,
				B9278A4E2B680E7A00848F9B /* Sources */,
				B9278A4F2B680E7A00848F9B /* Frameworks */,
				B9278A502B680E7A00848F9B /* Resources */,
			);
			buildRules = (
			);
			dependencies = (
			);
			name = "YLS-iOS";
			productName = "YLS-iOS";
			productReference = B9278A522B680E7A00848F9B /* YLS_iOS.framework */;
			productType = "com.apple.product-type.framework";
		};
		B9278A5B2B680E7B00848F9B /* YLS-iOSTests */ = {
			isa = PBXNativeTarget;
			buildConfigurationList = B9278A692B680E7B00848F9B /* Build configuration list for PBXNativeTarget "YLS-iOSTests" */;
			buildPhases = (
				B9278A582B680E7B00848F9B /* Sources */,
				B9278A592B680E7B00848F9B /* Frameworks */,
				B9278A5A2B680E7B00848F9B /* Resources */,
			);
			buildRules = (
			);
			dependencies = (
				B9278A5F2B680E7B00848F9B /* PBXTargetDependency */,
			);
			name = "YLS-iOSTests";
			productName = "YLS-iOSTests";
			productReference = B9278A5C2B680E7B00848F9B /* YLS-iOSTests.xctest */;
			productType = "com.apple.product-type.bundle.unit-test";
		};
/* End PBXNativeTarget section */

/* Begin PBXProject section */
		B9278A492B680E7A00848F9B /* Project object */ = {
			isa = PBXProject;
			attributes = {
				BuildIndependentTargetsInParallel = 1;
				LastSwiftUpdateCheck = 1510;
				LastUpgradeCheck = 1510;
				TargetAttributes = {
					B9278A512B680E7A00848F9B = {
						CreatedOnToolsVersion = 15.1;
					};
					B9278A5B2B680E7B00848F9B = {
						CreatedOnToolsVersion = 15.1;
					};
				};
			};
			buildConfigurationList = B9278A4C2B680E7A00848F9B /* Build configuration list for PBXProject "YLS-iOS" */;
			compatibilityVersion = "Xcode 14.0";
			developmentRegion = en;
			hasScannedForEncodings = 0;
			knownRegions = (
				en,
				Base,
			);
			mainGroup = B9278A482B680E7A00848F9B;
			productRefGroup = B9278A532B680E7A00848F9B /* Products */;
			projectDirPath = "";
			projectReferences = (
				{
					ProductGroup = B9278A732B68121C00848F9B /* Products */;
					ProjectRef = B9278A722B68121C00848F9B /* YLS-iOS.xcodeproj */;
				},
			);
			projectRoot = "";
			targets = (
				B9278A512B680E7A00848F9B /* YLS-iOS */,
				B9278A5B2B680E7B00848F9B /* YLS-iOSTests */,
			);
		};
/* End PBXProject section */

/* Begin PBXResourcesBuildPhase section */
		B9278A502B680E7A00848F9B /* Resources */ = {
			isa = PBXResourcesBuildPhase;
			buildActionMask = 2147483647;
			files = (
			);
			runOnlyForDeploymentPostprocessing = 0;
		};
		B9278A5A2B680E7B00848F9B /* Resources */ = {
			isa = PBXResourcesBuildPhase;
			buildActionMask = 2147483647;
			files = (
			);
			runOnlyForDeploymentPostprocessing = 0;
		};
/* End PBXResourcesBuildPhase section */

/* Begin PBXSourcesBuildPhase section */
		B9278A4E2B680E7A00848F9B /* Sources */ = {
			isa = PBXSourcesBuildPhase;
			buildActionMask = 2147483647;
			files = (
				B9278A6D2B68112200848F9B /* YLS.swift in Sources */,
				B9278A572B680E7A00848F9B /* YLS_iOS.docc in Sources */,
				B9278A702B68113B00848F9B /* YLSEvent.swift in Sources */,
			);
			runOnlyForDeploymentPostprocessing = 0;
		};
		B9278A582B680E7B00848F9B /* Sources */ = {
			isa = PBXSourcesBuildPhase;
			buildActionMask = 2147483647;
			files = (
				B9278A622B680E7B00848F9B /* YLS_iOSTests.swift in Sources */,
			);
			runOnlyForDeploymentPostprocessing = 0;
		};
/* End PBXSourcesBuildPhase section */

/* Begin PBXTargetDependency section */
		B9278A5F2B680E7B00848F9B /* PBXTargetDependency */ = {
			isa = PBXTargetDependency;
			target = B9278A512B680E7A00848F9B /* YLS-iOS */;
			targetProxy = B9278A5E2B680E7B00848F9B /* PBXContainerItemProxy */;
		};
/* End PBXTargetDependency section */

/* Begin XCBuildConfiguration section */
		B9278A642B680E7B00848F9B /* Debug */ = {
			isa = XCBuildConfiguration;
			buildSettings = {
				ALWAYS_SEARCH_USER_PATHS = NO;
				ASSETCATALOG_COMPILER_GENERATE_SWIFT_ASSET_SYMBOL_EXTENSIONS = YES;
				CLANG_ANALYZER_NONNULL = YES;
				CLANG_ANALYZER_NUMBER_OBJECT_CONVERSION = YES_AGGRESSIVE;
				CLANG_CXX_LANGUAGE_STANDARD = "gnu++20";
				CLANG_ENABLE_MODULES = YES;
				CLANG_ENABLE_OBJC_ARC = YES;
				CLANG_ENABLE_OBJC_WEAK = YES;
				CLANG_WARN_BLOCK_CAPTURE_AUTORELEASING = YES;
				CLANG_WARN_BOOL_CONVERSION = YES;
				CLANG_WARN_COMMA = YES;
				CLANG_WARN_CONSTANT_CONVERSION = YES;
				CLANG_WARN_DEPRECATED_OBJC_IMPLEMENTATIONS = YES;
				CLANG_WARN_DIRECT_OBJC_ISA_USAGE = YES_ERROR;
				CLANG_WARN_DOCUMENTATION_COMMENTS = YES;
				CLANG_WARN_EMPTY_BODY = YES;
				CLANG_WARN_ENUM_CONVERSION = YES;
				CLANG_WARN_INFINITE_RECURSION = YES;
				CLANG_WARN_INT_CONVERSION = YES;
				CLANG_WARN_NON_LITERAL_NULL_CONVERSION = YES;
				CLANG_WARN_OBJC_IMPLICIT_RETAIN_SELF = YES;
				CLANG_WARN_OBJC_LITERAL_CONVERSION = YES;
				CLANG_WARN_OBJC_ROOT_CLASS = YES_ERROR;
				CLANG_WARN_QUOTED_INCLUDE_IN_FRAMEWORK_HEADER = YES;
				CLANG_WARN_RANGE_LOOP_ANALYSIS = YES;
				CLANG_WARN_STRICT_PROTOTYPES = YES;
				CLANG_WARN_SUSPICIOUS_MOVE = YES;
				CLANG_WARN_UNGUARDED_AVAILABILITY = YES_AGGRESSIVE;
				CLANG_WARN_UNREACHABLE_CODE = YES;
				CLANG_WARN__DUPLICATE_METHOD_MATCH = YES;
				COPY_PHASE_STRIP = NO;
				CURRENT_PROJECT_VERSION = 1;
				DEBUG_INFORMATION_FORMAT = dwarf;
				ENABLE_STRICT_OBJC_MSGSEND = YES;
				ENABLE_TESTABILITY = YES;
				ENABLE_USER_SCRIPT_SANDBOXING = YES;
				GCC_C_LANGUAGE_STANDARD = gnu17;
				GCC_DYNAMIC_NO_PIC = NO;
				GCC_NO_COMMON_BLOCKS = YES;
				GCC_OPTIMIZATION_LEVEL = 0;
				GCC_PREPROCESSOR_DEFINITIONS = (
					"DEBUG=1",
					"$(inherited)",
				);
				GCC_WARN_64_TO_32_BIT_CONVERSION = YES;
				GCC_WARN_ABOUT_RETURN_TYPE = YES_ERROR;
				GCC_WARN_UNDECLARED_SELECTOR = YES;
				GCC_WARN_UNINITIALIZED_AUTOS = YES_AGGRESSIVE;
				GCC_WARN_UNUSED_FUNCTION = YES;
				GCC_WARN_UNUSED_VARIABLE = YES;
				IPHONEOS_DEPLOYMENT_TARGET = 16.0;
				LOCALIZATION_PREFERS_STRING_CATALOGS = YES;
				MTL_ENABLE_DEBUG_INFO = INCLUDE_SOURCE;
				MTL_FAST_MATH = YES;
				ONLY_ACTIVE_ARCH = YES;
				SDKROOT = iphoneos;
				SWIFT_ACTIVE_COMPILATION_CONDITIONS = "DEBUG $(inherited)";
				SWIFT_OPTIMIZATION_LEVEL = "-Onone";
				VERSIONING_SYSTEM = "apple-generic";
				VERSION_INFO_PREFIX = "";
			};
			name = Debug;
		};
		B9278A652B680E7B00848F9B /* Release */ = {
			isa = XCBuildConfiguration;
			buildSettings = {
				ALWAYS_SEARCH_USER_PATHS = NO;
				ASSETCATALOG_COMPILER_GENERATE_SWIFT_ASSET_SYMBOL_EXTENSIONS = YES;
				CLANG_ANALYZER_NONNULL = YES;
				CLANG_ANALYZER_NUMBER_OBJECT_CONVERSION = YES_AGGRESSIVE;
				CLANG_CXX_LANGUAGE_STANDARD = "gnu++20";
				CLANG_ENABLE_MODULES = YES;
				CLANG_ENABLE_OBJC_ARC = YES;
				CLANG_ENABLE_OBJC_WEAK = YES;
				CLANG_WARN_BLOCK_CAPTURE_AUTORELEASING = YES;
				CLANG_WARN_BOOL_CONVERSION = YES;
				CLANG_WARN_COMMA = YES;
				CLANG_WARN_CONSTANT_CONVERSION = YES;
				CLANG_WARN_DEPRECATED_OBJC_IMPLEMENTATIONS = YES;
				CLANG_WARN_DIRECT_OBJC_ISA_USAGE = YES_ERROR;
				CLANG_WARN_DOCUMENTATION_COMMENTS = YES;
				CLANG_WARN_EMPTY_BODY = YES;
				CLANG_WARN_ENUM_CONVERSION = YES;
				CLANG_WARN_INFINITE_RECURSION = YES;
				CLANG_WARN_INT_CONVERSION = YES;
				CLANG_WARN_NON_LITERAL_NULL_CONVERSION = YES;
				CLANG_WARN_OBJC_IMPLICIT_RETAIN_SELF = YES;
				CLANG_WARN_OBJC_LITERAL_CONVERSION = YES;
				CLANG_WARN_OBJC_ROOT_CLASS = YES_ERROR;
				CLANG_WARN_QUOTED_INCLUDE_IN_FRAMEWORK_HEADER = YES;
				CLANG_WARN_RANGE_LOOP_ANALYSIS = YES;
				CLANG_WARN_STRICT_PROTOTYPES = YES;
				CLANG_WARN_SUSPICIOUS_MOVE = YES;
				CLANG_WARN_UNGUARDED_AVAILABILITY = YES_AGGRESSIVE;
				CLANG_WARN_UNREACHABLE_CODE = YES;
				CLANG_WARN__DUPLICATE_METHOD_MATCH = YES;
				COPY_PHASE_STRIP = NO;
				CURRENT_PROJECT_VERSION = 1;
				DEBUG_INFORMATION_FORMAT = "dwarf-with-dsym";
				ENABLE_NS_ASSERTIONS = NO;
				ENABLE_STRICT_OBJC_MSGSEND = YES;
				ENABLE_USER_SCRIPT_SANDBOXING = YES;
				GCC_C_LANGUAGE_STANDARD = gnu17;
				GCC_NO_COMMON_BLOCKS = YES;
				GCC_WARN_64_TO_32_BIT_CONVERSION = YES;
				GCC_WARN_ABOUT_RETURN_TYPE = YES_ERROR;
				GCC_WARN_UNDECLARED_SELECTOR = YES;
				GCC_WARN_UNINITIALIZED_AUTOS = YES_AGGRESSIVE;
				GCC_WARN_UNUSED_FUNCTION = YES;
				GCC_WARN_UNUSED_VARIABLE = YES;
				IPHONEOS_DEPLOYMENT_TARGET = 16.0;
				LOCALIZATION_PREFERS_STRING_CATALOGS = YES;
				MTL_ENABLE_DEBUG_INFO = NO;
				MTL_FAST_MATH = YES;
				SDKROOT = iphoneos;
				SWIFT_COMPILATION_MODE = wholemodule;
				VALIDATE_PRODUCT = YES;
				VERSIONING_SYSTEM = "apple-generic";
				VERSION_INFO_PREFIX = "";
			};
			name = Release;
		};
		B9278A672B680E7B00848F9B /* Debug */ = {
			isa = XCBuildConfiguration;
			buildSettings = {
				CODE_SIGN_STYLE = Automatic;
				CURRENT_PROJECT_VERSION = 1;
				DEFINES_MODULE = YES;
				DYLIB_COMPATIBILITY_VERSION = 1;
				DYLIB_CURRENT_VERSION = 1;
				DYLIB_INSTALL_NAME_BASE = "@rpath";
				ENABLE_MODULE_VERIFIER = YES;
				GENERATE_INFOPLIST_FILE = YES;
				INFOPLIST_KEY_NSHumanReadableCopyright = "";
				INSTALL_PATH = "$(LOCAL_LIBRARY_DIR)/Frameworks";
				LD_RUNPATH_SEARCH_PATHS = (
					"$(inherited)",
					"@executable_path/Frameworks",
					"@loader_path/Frameworks",
				);
				MARKETING_VERSION = 1.0;
				MODULE_VERIFIER_SUPPORTED_LANGUAGES = "objective-c objective-c++";
				MODULE_VERIFIER_SUPPORTED_LANGUAGE_STANDARDS = "gnu17 gnu++20";
				PRODUCT_BUNDLE_IDENTIFIER = "com.yourssu.YLS-iOS";
				PRODUCT_NAME = "$(TARGET_NAME:c99extidentifier)";
				SKIP_INSTALL = YES;
				SWIFT_EMIT_LOC_STRINGS = YES;
				SWIFT_VERSION = 5.0;
				TARGETED_DEVICE_FAMILY = "1,2";
			};
			name = Debug;
		};
		B9278A682B680E7B00848F9B /* Release */ = {
			isa = XCBuildConfiguration;
			buildSettings = {
				CODE_SIGN_STYLE = Automatic;
				CURRENT_PROJECT_VERSION = 1;
				DEFINES_MODULE = YES;
				DYLIB_COMPATIBILITY_VERSION = 1;
				DYLIB_CURRENT_VERSION = 1;
				DYLIB_INSTALL_NAME_BASE = "@rpath";
				ENABLE_MODULE_VERIFIER = YES;
				GENERATE_INFOPLIST_FILE = YES;
				INFOPLIST_KEY_NSHumanReadableCopyright = "";
				INSTALL_PATH = "$(LOCAL_LIBRARY_DIR)/Frameworks";
				LD_RUNPATH_SEARCH_PATHS = (
					"$(inherited)",
					"@executable_path/Frameworks",
					"@loader_path/Frameworks",
				);
				MARKETING_VERSION = 1.0;
				MODULE_VERIFIER_SUPPORTED_LANGUAGES = "objective-c objective-c++";
				MODULE_VERIFIER_SUPPORTED_LANGUAGE_STANDARDS = "gnu17 gnu++20";
				PRODUCT_BUNDLE_IDENTIFIER = "com.yourssu.YLS-iOS";
				PRODUCT_NAME = "$(TARGET_NAME:c99extidentifier)";
				SKIP_INSTALL = YES;
				SWIFT_EMIT_LOC_STRINGS = YES;
				SWIFT_VERSION = 5.0;
				TARGETED_DEVICE_FAMILY = "1,2";
			};
			name = Release;
		};
		B9278A6A2B680E7B00848F9B /* Debug */ = {
			isa = XCBuildConfiguration;
			buildSettings = {
				ALWAYS_EMBED_SWIFT_STANDARD_LIBRARIES = YES;
				CODE_SIGN_STYLE = Automatic;
				CURRENT_PROJECT_VERSION = 1;
				GENERATE_INFOPLIST_FILE = YES;
				MARKETING_VERSION = 1.0;
				PRODUCT_BUNDLE_IDENTIFIER = "com.yourssu.YLS-iOSTests";
				PRODUCT_NAME = "$(TARGET_NAME)";
				SWIFT_EMIT_LOC_STRINGS = NO;
				SWIFT_VERSION = 5.0;
				TARGETED_DEVICE_FAMILY = "1,2";
			};
			name = Debug;
		};
		B9278A6B2B680E7B00848F9B /* Release */ = {
			isa = XCBuildConfiguration;
			buildSettings = {
				ALWAYS_EMBED_SWIFT_STANDARD_LIBRARIES = YES;
				CODE_SIGN_STYLE = Automatic;
				CURRENT_PROJECT_VERSION = 1;
				GENERATE_INFOPLIST_FILE = YES;
				MARKETING_VERSION = 1.0;
				PRODUCT_BUNDLE_IDENTIFIER = "com.yourssu.YLS-iOSTests";
				PRODUCT_NAME = "$(TARGET_NAME)";
				SWIFT_EMIT_LOC_STRINGS = NO;
				SWIFT_VERSION = 5.0;
				TARGETED_DEVICE_FAMILY = "1,2";
			};
			name = Release;
		};
/* End XCBuildConfiguration section */

/* Begin XCConfigurationList section */
		B9278A4C2B680E7A00848F9B /* Build configuration list for PBXProject "YLS-iOS" */ = {
			isa = XCConfigurationList;
			buildConfigurations = (
				B9278A642B680E7B00848F9B /* Debug */,
				B9278A652B680E7B00848F9B /* Release */,
			);
			defaultConfigurationIsVisible = 0;
			defaultConfigurationName = Release;
		};
		B9278A662B680E7B00848F9B /* Build configuration list for PBXNativeTarget "YLS-iOS" */ = {
			isa = XCConfigurationList;
			buildConfigurations = (
				B9278A672B680E7B00848F9B /* Debug */,
				B9278A682B680E7B00848F9B /* Release */,
			);
			defaultConfigurationIsVisible = 0;
			defaultConfigurationName = Release;
		};
		B9278A692B680E7B00848F9B /* Build configuration list for PBXNativeTarget "YLS-iOSTests" */ = {
			isa = XCConfigurationList;
			buildConfigurations = (
				B9278A6A2B680E7B00848F9B /* Debug */,
				B9278A6B2B680E7B00848F9B /* Release */,
			);
			defaultConfigurationIsVisible = 0;
			defaultConfigurationName = Release;
		};
/* End XCConfigurationList section */
	};
	rootObject = B9278A492B680E7A00848F9B /* Project object */;
}
